github.com/divinerites/plausible-hugo v1.19.2 h1:Ksd1Ewp53gPmzm6vhDdRUxkUYwigaykhZlzOYzHYCzQ=
github.com/divinerites/plausible-hugo v1.19.2/go.mod h1:cxr+YB3FUwbLon8KCs4pV4Ankbkq6lJxTQUpNb5KqPo=
github.com/divinerites/plausible-hugo v1.21.1 h1:ZTWwjhZ0PmLMacCVGlcGiYFEZW7VaYE767tchDskOug=
github.com/divinerites/plausible-hugo v1.21.1/go.mod h1:cxr+YB3FUwbLon8KCs4pV4Ankbkq6lJxTQUpNb5KqPo=
github.com/gohugoio/hugo-mod-bootstrap-scss/v5 v5.20300.20002 h1:6F6sjCSkFIIgqLp4SEIL1Ao9ZfKyM6OmgqEdTlc58Yk=
github.com/gohugoio/hugo-mod-bootstrap-scss/v5 v5.20300.20002/go.mod h1:Q6TrjM78wB13zkOMBSV4IZIZ54tbshmE2fem9CYx2pU=
github.com/gohugoio/hugo-mod-bootstrap-scss/v5 v5.20300.20400 h1:L6+F22i76xmeWWwrtijAhUbf3BiRLmpO5j34bgl1ggU=
github.com/gohugoio/hugo-mod-bootstrap-scss/v5 v5.20300.20400/go.mod h1:uekq1D4ebeXgduLj8VIZy8TgfTjrLdSl6nPtVczso78=
github.com/gohugoio/hugo-mod-jslibs-dist/popperjs/v2 v2.21100.20000 h1:GZxx4Hc+yb0/t3/rau1j8XlAxLE4CyXns2fqQbyqWfs=
github.com/gohugoio/hugo-mod-jslibs-dist/popperjs/v2 v2.21100.20000/go.mod h1:mFberT6ZtcchrsDtfvJM7aAH2bDKLdOnruUHl0hlapI=
github.com/twbs/bootstrap v5.3.0-alpha3+incompatible/go.mod h1:fZTSrkpSf0/HkL0IIJzvVspTt1r9zuf7XlZau8kpcY0=
github.com/twbs/bootstrap v5.3.3+incompatible/go.mod h1:fZTSrkpSf0/HkL0IIJzvVspTt1r9zuf7XlZau8kpcY0=
github.com/twbs/bootstrap v5.3.7+incompatible h1:ea1W8TOWZFkqSK2M0McpgzLiUQVru3bz8aHb0j/XtuM=
github.com/twbs/bootstrap v5.3.7+incompatible/go.mod h1:fZTSrkpSf0/HkL0IIJzvVspTt1r9zuf7XlZau8kpcY0=
